// !$*UTF8*$!
{
	archiveVersion = 1;
	classes = {
	};
	objectVersion = 46;
	objects = {

/* Begin PBXBuildFile section */
		A5E3BFB01E02895700A28636 /* AppDelegate.swift in Sources */ = {isa = PBXBuildFile; fileRef = A5E3BFAF1E02895700A28636 /* AppDelegate.swift */; };
		A5E3BFB21E02895700A28636 /* ViewController.swift in Sources */ = {isa = PBXBuildFile; fileRef = A5E3BFB11E02895700A28636 /* ViewController.swift */; };
		A5E3BFB51E02895700A28636 /* Main.storyboard in Resources */ = {isa = PBXBuildFile; fileRef = A5E3BFB31E02895700A28636 /* Main.storyboard */; };
		A5E3BFB71E02895700A28636 /* Assets.xcassets in Resources */ = {isa = PBXBuildFile; fileRef = A5E3BFB61E02895700A28636 /* Assets.xcassets */; };
		A5E3BFBA1E02895700A28636 /* LaunchScreen.storyboard in Resources */ = {isa = PBXBuildFile; fileRef = A5E3BFB81E02895700A28636 /* LaunchScreen.storyboard */; };
		A5E3BFC51E02895700A28636 /* SecondKadaiAppTests.swift in Sources */ = {isa = PBXBuildFile; fileRef = A5E3BFC41E02895700A28636 /* SecondKadaiAppTests.swift */; };
		A5E3BFD01E02895700A28636 /* SecondKadaiAppUITests.swift in Sources */ = {isa = PBXBuildFile; fileRef = A5E3BFCF1E02895700A28636 /* SecondKadaiAppUITests.swift */; };
/* End PBXBuildFile section */

/* Begin PBXContainerItemProxy section */
		A5E3BFC11E02895700A28636 /* PBXContainerItemProxy */ = {
			isa = PBXContainerItemProxy;
			containerPortal = A5E3BFA41E02895600A28636 /* Project object */;
			proxyType = 1;
			remoteGlobalIDString = A5E3BFAB1E02895600A28636;
			remoteInfo = SecondKadaiApp;
		};
		A5E3BFCC1E02895700A28636 /* PBXContainerItemProxy */ = {
			isa = PBXContainerItemProxy;
			containerPortal = A5E3BFA41E02895600A28636 /* Project object */;
			proxyType = 1;
			remoteGlobalIDString = A5E3BFAB1E02895600A28636;
			remoteInfo = SecondKadaiApp;
		};
/* End PBXContainerItemProxy section */

/* Begin PBXFileReference section */
		A5E3BFAC1E02895600A28636 /* SecondKadaiApp.app */ = {isa = PBXFileReference; explicitFileType = wrapper.application; includeInIndex = 0; path = SecondKadaiApp.app; sourceTree = BUILT_PRODUCTS_DIR; };
		A5E3BFAF1E02895700A28636 /* AppDelegate.swift */ = {isa = PBXFileReference; lastKnownFileType = sourcecode.swift; path = AppDelegate.swift; sourceTree = "<group>"; };
		A5E3BFB11E02895700A28636 /* ViewController.swift */ = {isa = PBXFileReference; lastKnownFileType = sourcecode.swift; path = ViewController.swift; sourceTree = "<group>"; };
		A5E3BFB41E02895700A28636 /* Base */ = {isa = PBXFileReference; lastKnownFileType = file.storyboard; name = Base; path = Base.lproj/Main.storyboard; sourceTree = "<group>"; };
		A5E3BFB61E02895700A28636 /* Assets.xcassets */ = {isa = PBXFileReference; lastKnownFileType = folder.assetcatalog; path = Assets.xcassets; sourceTree = "<group>"; };
		A5E3BFB91E02895700A28636 /* Base */ = {isa = PBXFileReference; lastKnownFileType = file.storyboard; name = Base; path = Base.lproj/LaunchScreen.storyboard; sourceTree = "<group>"; };
		A5E3BFBB1E02895700A28636 /* Info.plist */ = {isa = PBXFileReference; lastKnownFileType = text.plist.xml; path = Info.plist; sourceTree = "<group>"; };
		A5E3BFC01E02895700A28636 /* SecondKadaiAppTests.xctest */ = {isa = PBXFileReference; explicitFileType = wrapper.cfbundle; includeInIndex = 0; path = SecondKadaiAppTests.xctest; sourceTree = BUILT_PRODUCTS_DIR; };
		A5E3BFC41E02895700A28636 /* SecondKadaiAppTests.swift */ = {isa = PBXFileReference; lastKnownFileType = sourcecode.swift; path = SecondKadaiAppTests.swift; sourceTree = "<group>"; };
		A5E3BFC61E02895700A28636 /* Info.plist */ = {isa = PBXFileReference; lastKnownFileType = text.plist.xml; path = Info.plist; sourceTree = "<group>"; };
		A5E3BFCB1E02895700A28636 /* SecondKadaiAppUITests.xctest */ = {isa = PBXFileReference; explicitFileType = wrapper.cfbundle; includeInIndex = 0; path = SecondKadaiAppUITests.xctest; sourceTree = BUILT_PRODUCTS_DIR; };
		A5E3BFCF1E02895700A28636 /* SecondKadaiAppUITests.swift */ = {isa = PBXFileReference; lastKnownFileType = sourcecode.swift; path = SecondKadaiAppUITests.swift; sourceTree = "<group>"; };
		A5E3BFD11E02895700A28636 /* Info.plist */ = {isa = PBXFileReference; lastKnownFileType = text.plist.xml; path = Info.plist; sourceTree = "<group>"; };
/* End PBXFileReference section */

/* Begin PBXFrameworksBuildPhase section */
		A5E3BFA91E02895600A28636 /* Frameworks */ = {
			isa = PBXFrameworksBuildPhase;
			buildActionMask = 2147483647;
			files = (
			);
			runOnlyForDeploymentPostprocessing = 0;
		};
		A5E3BFBD1E02895700A28636 /* Frameworks */ = {
			isa = PBXFrameworksBuildPhase;
			buildActionMask = 2147483647;
			files = (
			);
			runOnlyForDeploymentPostprocessing = 0;
		};
		A5E3BFC81E02895700A28636 /* Frameworks */ = {
			isa = PBXFrameworksBuildPhase;
			buildActionMask = 2147483647;
			files = (
			);
			runOnlyForDeploymentPostprocessing = 0;
		};
/* End PBXFrameworksBuildPhase section */

/* Begin PBXGroup section */
		A5E3BFA31E02895600A28636 = {
			isa = PBXGroup;
			children = (
				A5E3BFAE1E02895600A28636 /* SecondKadaiApp */,
				A5E3BFC31E02895700A28636 /* SecondKadaiAppTests */,
				A5E3BFCE1E02895700A28636 /* SecondKadaiAppUITests */,
				A5E3BFAD1E02895600A28636 /* Products */,
			);
			sourceTree = "<group>";
		};
		A5E3BFAD1E02895600A28636 /* Products */ = {
			isa = PBXGroup;
			children = (
				A5E3BFAC1E02895600A28636 /* SecondKadaiApp.app */,
				A5E3BFC01E02895700A28636 /* SecondKadaiAppTests.xctest */,
				A5E3BFCB1E02895700A28636 /* SecondKadaiAppUITests.xctest */,
			);
			name = Products;
			sourceTree = "<group>";
		};
		A5E3BFAE1E02895600A28636 /* SecondKadaiApp */ = {
			isa = PBXGroup;
			children = (
				A5E3BFAF1E02895700A28636 /* AppDelegate.swift */,
				A5E3BFB11E02895700A28636 /* ViewController.swift */,
				A5E3BFB31E02895700A28636 /* Main.storyboard */,
				A5E3BFB61E02895700A28636 /* Assets.xcassets */,
				A5E3BFB81E02895700A28636 /* LaunchScreen.storyboard */,
				A5E3BFBB1E02895700A28636 /* Info.plist */,
			);
			path = SecondKadaiApp;
			sourceTree = "<group>";
		};
		A5E3BFC31E02895700A28636 /* SecondKadaiAppTests */ = {
			isa = PBXGroup;
			children = (
				A5E3BFC41E02895700A28636 /* SecondKadaiAppTests.swift */,
				A5E3BFC61E02895700A28636 /* Info.plist */,
			);
			path = SecondKadaiAppTests;
			sourceTree = "<group>";
		};
		A5E3BFCE1E02895700A28636 /* SecondKadaiAppUITests */ = {
			isa = PBXGroup;
			children = (
				A5E3BFCF1E02895700A28636 /* SecondKadaiAppUITests.swift */,
				A5E3BFD11E02895700A28636 /* Info.plist */,
			);
			path = SecondKadaiAppUITests;
			sourceTree = "<group>";
		};
/* End PBXGroup section */

/* Begin PBXNativeTarget section */
		A5E3BFAB1E02895600A28636 /* SecondKadaiApp */ = {
			isa = PBXNativeTarget;
			buildConfigurationList = A5E3BFD41E02895700A28636 /* Build configuration list for PBXNativeTarget "SecondKadaiApp" */;
			buildPhases = (
				A5E3BFA81E02895600A28636 /* Sources */,
				A5E3BFA91E02895600A28636 /* Frameworks */,
				A5E3BFAA1E02895600A28636 /* Resources */,
			);
			buildRules = (
			);
			dependencies = (
			);
			name = SecondKadaiApp;
			productName = SecondKadaiApp;
			productReference = A5E3BFAC1E02895600A28636 /* SecondKadaiApp.app */;
			productType = "com.apple.product-type.application";
		};
		A5E3BFBF1E02895700A28636 /* SecondKadaiAppTests */ = {
			isa = PBXNativeTarget;
			buildConfigurationList = A5E3BFD71E02895700A28636 /* Build configuration list for PBXNativeTarget "SecondKadaiAppTests" */;
			buildPhases = (
				A5E3BFBC1E02895700A28636 /* Sources */,
				A5E3BFBD1E02895700A28636 /* Frameworks */,
				A5E3BFBE1E02895700A28636 /* Resources */,
			);
			buildRules = (
			);
			dependencies = (
				A5E3BFC21E02895700A28636 /* PBXTargetDependency */,
			);
			name = SecondKadaiAppTests;
			productName = SecondKadaiAppTests;
			productReference = A5E3BFC01E02895700A28636 /* SecondKadaiAppTests.xctest */;
			productType = "com.apple.product-type.bundle.unit-test";
		};
		A5E3BFCA1E02895700A28636 /* SecondKadaiAppUITests */ = {
			isa = PBXNativeTarget;
			buildConfigurationList = A5E3BFDA1E02895700A28636 /* Build configuration list for PBXNativeTarget "SecondKadaiAppUITests" */;
			buildPhases = (
				A5E3BFC71E02895700A28636 /* Sources */,
				A5E3BFC81E02895700A28636 /* Frameworks */,
				A5E3BFC91E02895700A28636 /* Resources */,
			);
			buildRules = (
			);
			dependencies = (
				A5E3BFCD1E02895700A28636 /* PBXTargetDependency */,
			);
			name = SecondKadaiAppUITests;
			productName = SecondKadaiAppUITests;
			productReference = A5E3BFCB1E02895700A28636 /* SecondKadaiAppUITests.xctest */;
			productType = "com.apple.product-type.bundle.ui-testing";
		};
/* End PBXNativeTarget section */

/* Begin PBXProject section */
		A5E3BFA41E02895600A28636 /* Project object */ = {
			isa = PBXProject;
			attributes = {
				LastSwiftUpdateCheck = 0810;
				LastUpgradeCheck = 0810;
				ORGANIZATIONNAME = tomoya.iwata;
				TargetAttributes = {
					A5E3BFAB1E02895600A28636 = {
						CreatedOnToolsVersion = 8.1;
						ProvisioningStyle = Automatic;
					};
					A5E3BFBF1E02895700A28636 = {
						CreatedOnToolsVersion = 8.1;
						ProvisioningStyle = Automatic;
						TestTargetID = A5E3BFAB1E02895600A28636;
					};
					A5E3BFCA1E02895700A28636 = {
						CreatedOnToolsVersion = 8.1;
						ProvisioningStyle = Automatic;
						TestTargetID = A5E3BFAB1E02895600A28636;
					};
				};
			};
			buildConfigurationList = A5E3BFA71E02895600A28636 /* Build configuration list for PBXProject "SecondKadaiApp" */;
			compatibilityVersion = "Xcode 3.2";
			developmentRegion = English;
			hasScannedForEncodings = 0;
			knownRegions = (
				en,
				Base,
			);
			mainGroup = A5E3BFA31E02895600A28636;
			productRefGroup = A5E3BFAD1E02895600A28636 /* Products */;
			projectDirPath = "";
			projectRoot = "";
			targets = (
				A5E3BFAB1E02895600A28636 /* SecondKadaiApp */,
				A5E3BFBF1E02895700A28636 /* SecondKadaiAppTests */,
				A5E3BFCA1E02895700A28636 /* SecondKadaiAppUITests */,
			);
		};
/* End PBXProject section */

/* Begin PBXResourcesBuildPhase section */
		A5E3BFAA1E02895600A28636 /* Resources */ = {
			isa = PBXResourcesBuildPhase;
			buildActionMask = 2147483647;
			files = (
				A5E3BFBA1E02895700A28636 /* LaunchScreen.storyboard in Resources */,
				A5E3BFB71E02895700A28636 /* Assets.xcassets in Resources */,
				A5E3BFB51E02895700A28636 /* Main.storyboard in Resources */,
			);
			runOnlyForDeploymentPostprocessing = 0;
		};
		A5E3BFBE1E02895700A28636 /* Resources */ = {
			isa = PBXResourcesBuildPhase;
			buildActionMask = 2147483647;
			files = (
			);
			runOnlyForDeploymentPostprocessing = 0;
		};
		A5E3BFC91E02895700A28636 /* Resources */ = {
			isa = PBXResourcesBuildPhase;
			buildActionMask = 2147483647;
			files = (
			);
			runOnlyForDeploymentPostprocessing = 0;
		};
/* End PBXResourcesBuildPhase section */

/* Begin PBXSourcesBuildPhase section */
		A5E3BFA81E02895600A28636 /* Sources */ = {
			isa = PBXSourcesBuildPhase;
			buildActionMask = 2147483647;
			files = (
				A5E3BFB21E02895700A28636 /* ViewController.swift in Sources */,
				A5E3BFB01E02895700A28636 /* AppDelegate.swift in Sources */,
			);
			runOnlyForDeploymentPostprocessing = 0;
		};
		A5E3BFBC1E02895700A28636 /* Sources */ = {
			isa = PBXSourcesBuildPhase;
			buildActionMask = 2147483647;
			files = (
				A5E3BFC51E02895700A28636 /* SecondKadaiAppTests.swift in Sources */,
			);
			runOnlyForDeploymentPostprocessing = 0;
		};
		A5E3BFC71E02895700A28636 /* Sources */ = {
			isa = PBXSourcesBuildPhase;
			buildActionMask = 2147483647;
			files = (
				A5E3BFD01E02895700A28636 /* SecondKadaiAppUITests.swift in Sources */,
			);
			runOnlyForDeploymentPostprocessing = 0;
		};
/* End PBXSourcesBuildPhase section */

/* Begin PBXTargetDependency section */
		A5E3BFC21E02895700A28636 /* PBXTargetDependency */ = {
			isa = PBXTargetDependency;
			target = A5E3BFAB1E02895600A28636 /* SecondKadaiApp */;
			targetProxy = A5E3BFC11E02895700A28636 /* PBXContainerItemProxy */;
		};
		A5E3BFCD1E02895700A28636 /* PBXTargetDependency */ = {
			isa = PBXTargetDependency;
			target = A5E3BFAB1E02895600A28636 /* SecondKadaiApp */;
			targetProxy = A5E3BFCC1E02895700A28636 /* PBXContainerItemProxy */;
		};
/* End PBXTargetDependency section */

/* Begin PBXVariantGroup section */
		A5E3BFB31E02895700A28636 /* Main.storyboard */ = {
			isa = PBXVariantGroup;
			children = (
				A5E3BFB41E02895700A28636 /* Base */,
			);
			name = Main.storyboard;
			sourceTree = "<group>";
		};
		A5E3BFB81E02895700A28636 /* LaunchScreen.storyboard */ = {
			isa = PBXVariantGroup;
			children = (
				A5E3BFB91E02895700A28636 /* Base */,
			);
			name = LaunchScreen.storyboard;
			sourceTree = "<group>";
		};
/* End PBXVariantGroup section */

/* Begin XCBuildConfiguration section */
		A5E3BFD21E02895700A28636 /* Debug */ = {
			isa = XCBuildConfiguration;
			buildSettings = {
				ALWAYS_SEARCH_USER_PATHS = NO;
				CLANG_ANALYZER_NONNULL = YES;
				CLANG_CXX_LANGUAGE_STANDARD = "gnu++0x";
				CLANG_CXX_LIBRARY = "libc++";
				CLANG_ENABLE_MODULES = YES;
				CLANG_ENABLE_OBJC_ARC = YES;
				CLANG_WARN_BOOL_CONVERSION = YES;
				CLANG_WARN_CONSTANT_CONVERSION = YES;
				CLANG_WARN_DIRECT_OBJC_ISA_USAGE = YES_ERROR;
				CLANG_WARN_DOCUMENTATION_COMMENTS = YES;
				CLANG_WARN_EMPTY_BODY = YES;
				CLANG_WARN_ENUM_CONVERSION = YES;
				CLANG_WARN_INFINITE_RECURSION = YES;
				CLANG_WARN_INT_CONVERSION = YES;
				CLANG_WARN_OBJC_ROOT_CLASS = YES_ERROR;
				CLANG_WARN_SUSPICIOUS_MOVES = YES;
				CLANG_WARN_UNREACHABLE_CODE = YES;
				CLANG_WARN__DUPLICATE_METHOD_MATCH = YES;
				"CODE_SIGN_IDENTITY[sdk=iphoneos*]" = "iPhone Developer";
				COPY_PHASE_STRIP = NO;
				DEBUG_INFORMATION_FORMAT = dwarf;
				ENABLE_STRICT_OBJC_MSGSEND = YES;
				ENABLE_TESTABILITY = YES;
				GCC_C_LANGUAGE_STANDARD = gnu99;
				GCC_DYNAMIC_NO_PIC = NO;
				GCC_NO_COMMON_BLOCKS = YES;
				GCC_OPTIMIZATION_LEVEL = 0;
				GCC_PREPROCESSOR_DEFINITIONS = (
					"DEBUG=1",
					"$(inherited)",
				);
				GCC_WARN_64_TO_32_BIT_CONVERSION = YES;
				GCC_WARN_ABOUT_RETURN_TYPE = YES_ERROR;
				GCC_WARN_UNDECLARED_SELECTOR = YES;
				GCC_WARN_UNINITIALIZED_AUTOS = YES_AGGRESSIVE;
				GCC_WARN_UNUSED_FUNCTION = YES;
				GCC_WARN_UNUSED_VARIABLE = YES;
				IPHONEOS_DEPLOYMENT_TARGET = 10.1;
				MTL_ENABLE_DEBUG_INFO = YES;
				ONLY_ACTIVE_ARCH = YES;
				SDKROOT = iphoneos;
				SWIFT_ACTIVE_COMPILATION_CONDITIONS = DEBUG;
				SWIFT_OPTIMIZATION_LEVEL = "-Onone";
			};
			name = Debug;
		};
		A5E3BFD31E02895700A28636 /* Release */ = {
			isa = XCBuildConfiguration;
			buildSettings = {
				ALWAYS_SEARCH_USER_PATHS = NO;
				CLANG_ANALYZER_NONNULL = YES;
				CLANG_CXX_LANGUAGE_STANDARD = "gnu++0x";
				CLANG_CXX_LIBRARY = "libc++";
				CLANG_ENABLE_MODULES = YES;
				CLANG_ENABLE_OBJC_ARC = YES;
				CLANG_WARN_BOOL_CONVERSION = YES;
				CLANG_WARN_CONSTANT_CONVERSION = YES;
				CLANG_WARN_DIRECT_OBJC_ISA_USAGE = YES_ERROR;
				CLANG_WARN_DOCUMENTATION_COMMENTS = YES;
				CLANG_WARN_EMPTY_BODY = YES;
				CLANG_WARN_ENUM_CONVERSION = YES;
				CLANG_WARN_INFINITE_RECURSION = YES;
				CLANG_WARN_INT_CONVERSION = YES;
				CLANG_WARN_OBJC_ROOT_CLASS = YES_ERROR;
				CLANG_WARN_SUSPICIOUS_MOVES = YES;
				CLANG_WARN_UNREACHABLE_CODE = YES;
				CLANG_WARN__DUPLICATE_METHOD_MATCH = YES;
				"CODE_SIGN_IDENTITY[sdk=iphoneos*]" = "iPhone Developer";
				COPY_PHASE_STRIP = NO;
				DEBUG_INFORMATION_FORMAT = "dwarf-with-dsym";
				ENABLE_NS_ASSERTIONS = NO;
				ENABLE_STRICT_OBJC_MSGSEND = YES;
				GCC_C_LANGUAGE_STANDARD = gnu99;
				GCC_NO_COMMON_BLOCKS = YES;
				GCC_WARN_64_TO_32_BIT_CONVERSION = YES;
				GCC_WARN_ABOUT_RETURN_TYPE = YES_ERROR;
				GCC_WARN_UNDECLARED_SELECTOR = YES;
				GCC_WARN_UNINITIALIZED_AUTOS = YES_AGGRESSIVE;
				GCC_WARN_UNUSED_FUNCTION = YES;
				GCC_WARN_UNUSED_VARIABLE = YES;
				IPHONEOS_DEPLOYMENT_TARGET = 10.1;
				MTL_ENABLE_DEBUG_INFO = NO;
				SDKROOT = iphoneos;
				SWIFT_OPTIMIZATION_LEVEL = "-Owholemodule";
				VALIDATE_PRODUCT = YES;
			};
			name = Release;
		};
		A5E3BFD51E02895700A28636 /* Debug */ = {
			isa = XCBuildConfiguration;
			buildSettings = {
				ASSETCATALOG_COMPILER_APPICON_NAME = AppIcon;
				INFOPLIST_FILE = SecondKadaiApp/Info.plist;
				LD_RUNPATH_SEARCH_PATHS = "$(inherited) @executable_path/Frameworks";
				PRODUCT_BUNDLE_IDENTIFIER = jp.techacademy.tomoya.iwata.SecondKadaiApp;
				PRODUCT_NAME = "$(TARGET_NAME)";
				SWIFT_VERSION = 3.0;
			};
			name = Debug;
		};
		A5E3BFD61E02895700A28636 /* Release */ = {
			isa = XCBuildConfiguration;
			buildSettings = {
				ASSETCATALOG_COMPILER_APPICON_NAME = AppIcon;
				INFOPLIST_FILE = SecondKadaiApp/Info.plist;
				LD_RUNPATH_SEARCH_PATHS = "$(inherited) @executable_path/Frameworks";
				PRODUCT_BUNDLE_IDENTIFIER = jp.techacademy.tomoya.iwata.SecondKadaiApp;
				PRODUCT_NAME = "$(TARGET_NAME)";
				SWIFT_VERSION = 3.0;
			};
			name = Release;
		};
		A5E3BFD81E02895700A28636 /* Debug */ = {
			isa = XCBuildConfiguration;
			buildSettings = {
				ALWAYS_EMBED_SWIFT_STANDARD_LIBRARIES = YES;
				BUNDLE_LOADER = "$(TEST_HOST)";
				INFOPLIST_FILE = SecondKadaiAppTests/Info.plist;
				LD_RUNPATH_SEARCH_PATHS = "$(inherited) @executable_path/Frameworks @loader_path/Frameworks";
				PRODUCT_BUNDLE_IDENTIFIER = jp.techacademy.tomoya.iwata.SecondKadaiAppTests;
				PRODUCT_NAME = "$(TARGET_NAME)";
				SWIFT_VERSION = 3.0;
				TEST_HOST = "$(BUILT_PRODUCTS_DIR)/SecondKadaiApp.app/SecondKadaiApp";
			};
			name = Debug;
		};
		A5E3BFD91E02895700A28636 /* Release */ = {
			isa = XCBuildConfiguration;
			buildSettings = {
				ALWAYS_EMBED_SWIFT_STANDARD_LIBRARIES = YES;
				BUNDLE_LOADER = "$(TEST_HOST)";
				INFOPLIST_FILE = SecondKadaiAppTests/Info.plist;
				LD_RUNPATH_SEARCH_PATHS = "$(inherited) @executable_path/Frameworks @loader_path/Frameworks";
				PRODUCT_BUNDLE_IDENTIFIER = jp.techacademy.tomoya.iwata.SecondKadaiAppTests;
				PRODUCT_NAME = "$(TARGET_NAME)";
				SWIFT_VERSION = 3.0;
				TEST_HOST = "$(BUILT_PRODUCTS_DIR)/SecondKadaiApp.app/SecondKadaiApp";
			};
			name = Release;
		};
		A5E3BFDB1E02895700A28636 /* Debug */ = {
			isa = XCBuildConfiguration;
			buildSettings = {
				ALWAYS_EMBED_SWIFT_STANDARD_LIBRARIES = YES;
				INFOPLIST_FILE = SecondKadaiAppUITests/Info.plist;
				LD_RUNPATH_SEARCH_PATHS = "$(inherited) @executable_path/Frameworks @loader_path/Frameworks";
				PRODUCT_BUNDLE_IDENTIFIER = jp.techacademy.tomoya.iwata.SecondKadaiAppUITests;
				PRODUCT_NAME = "$(TARGET_NAME)";
				SWIFT_VERSION = 3.0;
				TEST_TARGET_NAME = SecondKadaiApp;
			};
			name = Debug;
		};
		A5E3BFDC1E02895700A28636 /* Release */ = {
			isa = XCBuildConfiguration;
			buildSettings = {
				ALWAYS_EMBED_SWIFT_STANDARD_LIBRARIES = YES;
				INFOPLIST_FILE = SecondKadaiAppUITests/Info.plist;
				LD_RUNPATH_SEARCH_PATHS = "$(inherited) @executable_path/Frameworks @loader_path/Frameworks";
				PRODUCT_BUNDLE_IDENTIFIER = jp.techacademy.tomoya.iwata.SecondKadaiAppUITests;
				PRODUCT_NAME = "$(TARGET_NAME)";
				SWIFT_VERSION = 3.0;
				TEST_TARGET_NAME = SecondKadaiApp;
			};
			name = Release;
		};
/* End XCBuildConfiguration section */

/* Begin XCConfigurationList section */
		A5E3BFA71E02895600A28636 /* Build configuration list for PBXProject "SecondKadaiApp" */ = {
			isa = XCConfigurationList;
			buildConfigurations = (
				A5E3BFD21E02895700A28636 /* Debug */,
				A5E3BFD31E02895700A28636 /* Release */,
			);
			defaultConfigurationIsVisible = 0;
			defaultConfigurationName = Release;
		};
		A5E3BFD41E02895700A28636 /* Build configuration list for PBXNativeTarget "SecondKadaiApp" */ = {
			isa = XCConfigurationList;
			buildConfigurations = (
				A5E3BFD51E02895700A28636 /* Debug */,
				A5E3BFD61E02895700A28636 /* Release */,
			);
			defaultConfigurationIsVisible = 0;
		};
		A5E3BFD71E02895700A28636 /* Build configuration list for PBXNativeTarget "SecondKadaiAppTests" */ = {
			isa = XCConfigurationList;
			buildConfigurations = (
				A5E3BFD81E02895700A28636 /* Debug */,
				A5E3BFD91E02895700A28636 /* Release */,
			);
			defaultConfigurationIsVisible = 0;
		};
		A5E3BFDA1E02895700A28636 /* Build configuration list for PBXNativeTarget "SecondKadaiAppUITests" */ = {
			isa = XCConfigurationList;
			buildConfigurations = (
				A5E3BFDB1E02895700A28636 /* Debug */,
				A5E3BFDC1E02895700A28636 /* Release */,
			);
			defaultConfigurationIsVisible = 0;
		};
/* End XCConfigurationList section */
	};
	rootObject = A5E3BFA41E02895600A28636 /* Project object */;
}
